
Microsoft Visual Studio Solution File, Format Version 12.00
# Visual Studio 15
VisualStudioVersion = 15.0.28307.168
MinimumVisualStudioVersion = 10.0.40219.1
Project("{8BC9CEB8-8B4A-11D0-8D11-00A0C91BC942}") = "CGAHook", "cgahook\cgahook.vcxproj", "{1159C2B4-D6BA-4167-9B7E-FB6C75004394}"
	ProjectSection(ProjectDependencies) = postProject
		{85FCBAC1-6F19-4754-B277-97E6386F6D51} = {85FCBAC1-6F19-4754-B277-97E6386F6D51}
	EndProjectSection
EndProject
Project("{8BC9CEB8-8B4A-11D0-8D11-00A0C91BC942}") = "CGALib", "CGALib\CGALib.vcxproj", "{85FCBAC1-6F19-4754-B277-97E6386F6D51}"
EndProject
Global
	GlobalSection(SolutionConfigurationPlatforms) = preSolution
		Debug|x64 = Debug|x64
		Debug|x86 = Debug|x86
		Release|x64 = Release|x64
		Release|x86 = Release|x86
	EndGlobalSection
	GlobalSection(ProjectConfigurationPlatforms) = postSolution
		{1159C2B4-D6BA-4167-9B7E-FB6C75004394}.Debug|x64.ActiveCfg = Debug|Win32
		{1159C2B4-D6BA-4167-9B7E-FB6C75004394}.Debug|x86.ActiveCfg = Debug|Win32
		{1159C2B4-D6BA-4167-9B7E-FB6C75004394}.Debug|x86.Build.0 = Debug|Win32
		{1159C2B4-D6BA-4167-9B7E-FB6C75004394}.Release|x64.ActiveCfg = Release|Win32
		{1159C2B4-D6BA-4167-9B7E-FB6C75004394}.Release|x86.ActiveCfg = Release|Win32
		{1159C2B4-D6BA-4167-9B7E-FB6C75004394}.Release|x86.Build.0 = Release|Win32
		{85FCBAC1-6F19-4754-B277-97E6386F6D51}.Debug|x64.ActiveCfg = Debug|x64
		{85FCBAC1-6F19-4754-B277-97E6386F6D51}.Debug|x64.Build.0 = Debug|x64
		{85FCBAC1-6F19-4754-B277-97E6386F6D51}.Debug|x86.ActiveCfg = Debug|Win32
		{85FCBAC1-6F19-4754-B277-97E6386F6D51}.Debug|x86.Build.0 = Debug|Win32
		{85FCBAC1-6F19-4754-B277-97E6386F6D51}.Release|x64.ActiveCfg = Release|x64
		{85FCBAC1-6F19-4754-B277-97E6386F6D51}.Release|x64.Build.0 = Release|x64
		{85FCBAC1-6F19-4754-B277-97E6386F6D51}.Release|x86.ActiveCfg = Release|Win32
		{85FCBAC1-6F19-4754-B277-97E6386F6D51}.Release|x86.Build.0 = Release|Win32
	EndGlobalSection
	GlobalSection(SolutionProperties) = preSolution
		HideSolutionNode = FALSE
	EndGlobalSection
	GlobalSection(ExtensibilityGlobals) = postSolution
		SolutionGuid = {F9CBF3AE-0632-40B4-AC2C-33F38BF74A61}
	EndGlobalSection
EndGlobal
