<?xml version="1.0" encoding="utf-8"?>
<Project ToolsVersion="4.0" xmlns="http://schemas.microsoft.com/developer/msbuild/2003">
  <ItemGroup>
    <Filter Include="Form Files">
      <UniqueIdentifier>{99349809-55BA-4b9d-BF79-8FDBB0286EB3}</UniqueIdentifier>
      <Extensions>ui</Extensions>
      <ParseFiles>false</ParseFiles>
    </Filter>
    <Filter Include="Form Files">
      <UniqueIdentifier>{99349809-55BA-4b9d-BF79-8FDBB0286EB3}</UniqueIdentifier>
      <Extensions>ui</Extensions>
      <ParseFiles>false</ParseFiles>
    </Filter>
    <Filter Include="Generated Files">
      <UniqueIdentifier>{71ED8ED8-ACB9-4CE9-BBE1-E00B30144E11}</UniqueIdentifier>
      <Extensions>cpp;c;cxx;moc;h;def;odl;idl;res;</Extensions>
    </Filter>
    <Filter Include="Generated Files">
      <UniqueIdentifier>{71ED8ED8-ACB9-4CE9-BBE1-E00B30144E11}</UniqueIdentifier>
      <Extensions>cpp;c;cxx;moc;h;def;odl;idl;res;</Extensions>
    </Filter>
    <Filter Include="Header Files">
      <UniqueIdentifier>{93995380-89BD-4b04-88EB-625FBE52EBFB}</UniqueIdentifier>
      <Extensions>h;hpp;hxx;hm;inl;inc;xsd</Extensions>
    </Filter>
    <Filter Include="Header Files">
      <UniqueIdentifier>{93995380-89BD-4b04-88EB-625FBE52EBFB}</UniqueIdentifier>
      <Extensions>h;hpp;hxx;hm;inl;inc;xsd</Extensions>
    </Filter>
    <Filter Include="Resource Files">
      <UniqueIdentifier>{D9D6E242-F8AF-46E4-B9FD-80ECBC20BA3E}</UniqueIdentifier>
      <Extensions>qrc;*</Extensions>
      <ParseFiles>false</ParseFiles>
    </Filter>
    <Filter Include="Resource Files">
      <UniqueIdentifier>{D9D6E242-F8AF-46E4-B9FD-80ECBC20BA3E}</UniqueIdentifier>
      <Extensions>qrc;*</Extensions>
      <ParseFiles>false</ParseFiles>
    </Filter>
    <Filter Include="Source Files">
      <UniqueIdentifier>{4FC737F1-C7A5-4376-A066-2A32D752A2FF}</UniqueIdentifier>
      <Extensions>cpp;c;cxx;def;odl;idl;hpj;bat;asm;asmx</Extensions>
    </Filter>
    <Filter Include="Source Files">
      <UniqueIdentifier>{4FC737F1-C7A5-4376-A066-2A32D752A2FF}</UniqueIdentifier>
      <Extensions>cpp;c;cxx;def;odl;idl;hpj;bat;asm;asmx</Extensions>
    </Filter>
    <Filter Include="Generated Files\Debug">
      <UniqueIdentifier>{0ac37ff4-0aaf-4f91-8d40-8b63329fe36c}</UniqueIdentifier>
      <Extensions>cpp;moc</Extensions>
      <SourceControlFiles>False</SourceControlFiles>
    </Filter>
    <Filter Include="Generated Files\Release">
      <UniqueIdentifier>{817e7b2e-a290-48c9-a9b9-05bcf203d061}</UniqueIdentifier>
      <Extensions>cpp;moc</Extensions>
      <SourceControlFiles>False</SourceControlFiles>
    </Filter>
  </ItemGroup>
  <ItemGroup>
    <ClCompile Include="autobattleform.cpp">
      <Filter>Source Files</Filter>
    </ClCompile>
    <ClCompile Include="battle.cpp">
      <Filter>Source Files</Filter>
    </ClCompile>
    <ClCompile Include="battlesetting.cpp">
      <Filter>Source Files</Filter>
    </ClCompile>
    <ClCompile Include="itemdropper.cpp">
      <Filter>Source Files</Filter>
    </ClCompile>
    <ClCompile Include="itemform.cpp">
      <Filter>Source Files</Filter>
    </ClCompile>
    <ClCompile Include="main.cpp">
      <Filter>Source Files</Filter>
    </ClCompile>
    <ClCompile Include="mainwindow.cpp">
      <Filter>Source Files</Filter>
    </ClCompile>
    <ClCompile Include="mylistview.cpp">
      <Filter>Source Files</Filter>
    </ClCompile>
    <ClCompile Include="mywebview.cpp">
      <Filter>Source Files</Filter>
    </ClCompile>
    <ClCompile Include="player.cpp">
      <Filter>Source Files</Filter>
    </ClCompile>
    <ClCompile Include="playerform.cpp">
      <Filter>Source Files</Filter>
    </ClCompile>
    <ClCompile Include="processform.cpp">
      <Filter>Source Files</Filter>
    </ClCompile>
    <ClCompile Include="processtable.cpp">
      <Filter>Source Files</Filter>
    </ClCompile>
    <ClCompile Include="psworker.cpp">
      <Filter>Source Files</Filter>
    </ClCompile>
    <ClCompile Include="scriptform.cpp">
      <Filter>Source Files</Filter>
    </ClCompile>
    <ClCompile Include="Debug\moc_autobattleform.cpp">
      <Filter>Generated Files\Debug</Filter>
    </ClCompile>
    <ClCompile Include="Release\moc_autobattleform.cpp">
      <Filter>Generated Files\Release</Filter>
    </ClCompile>
    <ClCompile Include="Debug\moc_battle.cpp">
      <Filter>Generated Files\Debug</Filter>
    </ClCompile>
    <ClCompile Include="Release\moc_battle.cpp">
      <Filter>Generated Files\Release</Filter>
    </ClCompile>
    <ClCompile Include="Debug\moc_battlesetting.cpp">
      <Filter>Generated Files\Debug</Filter>
    </ClCompile>
    <ClCompile Include="Release\moc_battlesetting.cpp">
      <Filter>Generated Files\Release</Filter>
    </ClCompile>
    <ClCompile Include="Debug\moc_itemdropper.cpp">
      <Filter>Generated Files\Debug</Filter>
    </ClCompile>
    <ClCompile Include="Release\moc_itemdropper.cpp">
      <Filter>Generated Files\Release</Filter>
    </ClCompile>
    <ClCompile Include="Debug\moc_itemform.cpp">
      <Filter>Generated Files\Debug</Filter>
    </ClCompile>
    <ClCompile Include="Release\moc_itemform.cpp">
      <Filter>Generated Files\Release</Filter>
    </ClCompile>
    <ClCompile Include="Debug\moc_mainwindow.cpp">
      <Filter>Generated Files\Debug</Filter>
    </ClCompile>
    <ClCompile Include="Release\moc_mainwindow.cpp">
      <Filter>Generated Files\Release</Filter>
    </ClCompile>
    <ClCompile Include="Debug\moc_mylistview.cpp">
      <Filter>Generated Files\Debug</Filter>
    </ClCompile>
    <ClCompile Include="Release\moc_mylistview.cpp">
      <Filter>Generated Files\Release</Filter>
    </ClCompile>
    <ClCompile Include="Debug\moc_mywebview.cpp">
      <Filter>Generated Files\Debug</Filter>
    </ClCompile>
    <ClCompile Include="Release\moc_mywebview.cpp">
      <Filter>Generated Files\Release</Filter>
    </ClCompile>
    <ClCompile Include="Debug\moc_player.cpp">
      <Filter>Generated Files\Debug</Filter>
    </ClCompile>
    <ClCompile Include="Release\moc_player.cpp">
      <Filter>Generated Files\Release</Filter>
    </ClCompile>
    <ClCompile Include="Debug\moc_playerform.cpp">
      <Filter>Generated Files\Debug</Filter>
    </ClCompile>
    <ClCompile Include="Release\moc_playerform.cpp">
      <Filter>Generated Files\Release</Filter>
    </ClCompile>
    <ClCompile Include="Debug\moc_processform.cpp">
      <Filter>Generated Files\Debug</Filter>
    </ClCompile>
    <ClCompile Include="Release\moc_processform.cpp">
      <Filter>Generated Files\Release</Filter>
    </ClCompile>
    <ClCompile Include="Debug\moc_processtable.cpp">
      <Filter>Generated Files\Debug</Filter>
    </ClCompile>
    <ClCompile Include="Release\moc_processtable.cpp">
      <Filter>Generated Files\Release</Filter>
    </ClCompile>
    <ClCompile Include="Debug\moc_psworker.cpp">
      <Filter>Generated Files\Debug</Filter>
    </ClCompile>
    <ClCompile Include="Release\moc_psworker.cpp">
      <Filter>Generated Files\Release</Filter>
    </ClCompile>
    <ClCompile Include="Debug\moc_scriptform.cpp">
      <Filter>Generated Files\Debug</Filter>
    </ClCompile>
    <ClCompile Include="Release\moc_scriptform.cpp">
      <Filter>Generated Files\Release</Filter>
    </ClCompile>
    <ClCompile Include="GeneratedFiles\qrc_resource.cpp">
      <Filter>Generated Files</Filter>
    </ClCompile>
  </ItemGroup>
  <ItemGroup>
    <CustomBuild Include="autobattleform.h">
      <Filter>Header Files</Filter>
    </CustomBuild>
    <CustomBuild Include="battle.h">
      <Filter>Header Files</Filter>
    </CustomBuild>
    <CustomBuild Include="battlesetting.h">
      <Filter>Header Files</Filter>
    </CustomBuild>
    <CustomBuild Include="itemdropper.h">
      <Filter>Header Files</Filter>
    </CustomBuild>
    <CustomBuild Include="itemform.h">
      <Filter>Header Files</Filter>
    </CustomBuild>
    <CustomBuild Include="mainwindow.h">
      <Filter>Header Files</Filter>
    </CustomBuild>
    <CustomBuild Include="mylistview.h">
      <Filter>Header Files</Filter>
    </CustomBuild>
    <CustomBuild Include="mywebview.h">
      <Filter>Header Files</Filter>
    </CustomBuild>
    <CustomBuild Include="player.h">
      <Filter>Header Files</Filter>
    </CustomBuild>
    <CustomBuild Include="playerform.h">
      <Filter>Header Files</Filter>
    </CustomBuild>
    <CustomBuild Include="processform.h">
      <Filter>Header Files</Filter>
    </CustomBuild>
    <CustomBuild Include="processtable.h">
      <Filter>Header Files</Filter>
    </CustomBuild>
    <CustomBuild Include="psworker.h">
      <Filter>Header Files</Filter>
    </CustomBuild>
    <CustomBuild Include="scriptform.h">
      <Filter>Header Files</Filter>
    </CustomBuild>
  </ItemGroup>
  <ItemGroup>
    <CustomBuild Include="autobattleform.ui">
      <Filter>Form Files</Filter>
    </CustomBuild>
    <CustomBuild Include="itemform.ui">
      <Filter>Form Files</Filter>
    </CustomBuild>
    <CustomBuild Include="mainwindow.ui">
      <Filter>Form Files</Filter>
    </CustomBuild>
    <CustomBuild Include="playerform.ui">
      <Filter>Form Files</Filter>
    </CustomBuild>
    <CustomBuild Include="processform.ui">
      <Filter>Form Files</Filter>
    </CustomBuild>
    <CustomBuild Include="scriptform.ui">
      <Filter>Form Files</Filter>
    </CustomBuild>
  </ItemGroup>
  <ItemGroup>
    <None Include="PUK3.ico">
      <Filter>Resource Files</Filter>
    </None>
    <None Include="devtools\bundled\Images\breakpoint.png">
      <Filter>Resource Files</Filter>
    </None>
    <None Include="devtools\bundled\components_lazy\components_lazy_module.js">
      <Filter>Resource Files</Filter>
    </None>
    <None Include="devtools\bundled\console\console_module.js">
      <Filter>Resource Files</Filter>
    </None>
    <None Include="devtools\bundled\devtools_compatibility.js">
      <Filter>Resource Files</Filter>
    </None>
    <None Include="devtools\bundled\diff\diff_module.js">
      <Filter>Resource Files</Filter>
    </None>
    <None Include="devtools\bundled\inspector.html">
      <Filter>Resource Files</Filter>
    </None>
    <None Include="devtools\bundled\inspector.js">
      <Filter>Resource Files</Filter>
    </None>
    <CustomBuild Include="resource.qrc">
      <Filter>Resource Files</Filter>
    </CustomBuild>
    <None Include="devtools\bundled\Images\smallIcons.png">
      <Filter>Resource Files</Filter>
    </None>
    <None Include="devtools\bundled\snippets\snippets_module.js">
      <Filter>Resource Files</Filter>
    </None>
    <None Include="devtools\bundled\source_frame\source_frame_module.js">
      <Filter>Resource Files</Filter>
    </None>
    <None Include="devtools\bundled\sources\sources_module.js">
      <Filter>Resource Files</Filter>
    </None>
    <None Include="devtools\bundled\text_editor\text_editor_module.js">
      <Filter>Resource Files</Filter>
    </None>
    <None Include="devtools\bundled\Images\toolbarButtonGlyphs.png">
      <Filter>Resource Files</Filter>
    </None>
    <None Include="devtools\bundled\ui_lazy\ui_lazy_module.js">
      <Filter>Resource Files</Filter>
    </None>
  </ItemGroup>
  <ItemGroup>
    <ClInclude Include="GeneratedFiles\ui_autobattleform.h">
      <Filter>Generated Files</Filter>
    </ClInclude>
    <ClInclude Include="GeneratedFiles\ui_itemform.h">
      <Filter>Generated Files</Filter>
    </ClInclude>
    <ClInclude Include="GeneratedFiles\ui_mainwindow.h">
      <Filter>Generated Files</Filter>
    </ClInclude>
    <ClInclude Include="GeneratedFiles\ui_playerform.h">
      <Filter>Generated Files</Filter>
    </ClInclude>
    <ClInclude Include="GeneratedFiles\ui_processform.h">
      <Filter>Generated Files</Filter>
    </ClInclude>
    <ClInclude Include="GeneratedFiles\ui_scriptform.h">
      <Filter>Generated Files</Filter>
    </ClInclude>
  </ItemGroup>
</Project>